// !$*UTF8*$!
{
	archiveVersion = 1;
	classes = {
	};
	objectVersion = 55;
	objects = {

/* Begin PBXBuildFile section */
		30D8DF0627C100BF00C6A8FD /* ioPS4App.swift in Sources */ = {isa = PBXBuildFile; fileRef = 30D8DF0527C100BF00C6A8FD /* ioPS4App.swift */; };
		30D8DF0827C100E100C6A8FD /* MainView.swift in Sources */ = {isa = PBXBuildFile; fileRef = 30D8DF0727C100E100C6A8FD /* MainView.swift */; };
		30D8DF0A27C106AD00C6A8FD /* DocumentPicker.swift in Sources */ = {isa = PBXBuildFile; fileRef = 30D8DF0927C106AD00C6A8FD /* DocumentPicker.swift */; };
		30D8DF0C27C13C9500C6A8FD /* Banner.swift in Sources */ = {isa = PBXBuildFile; fileRef = 30D8DF0B27C13C9500C6A8FD /* Banner.swift */; };
		8801AEBE277D0FE900C284A5 /* IQKeyboardManagerSwift in Frameworks */ = {isa = PBXBuildFile; productRef = 8801AEBD277D0FE900C284A5 /* IQKeyboardManagerSwift */; };
		8801AEC3277D266700C284A5 /* SwiftEntryKit in Frameworks */ = {isa = PBXBuildFile; productRef = 8801AEC2277D266700C284A5 /* SwiftEntryKit */; };
		881AE11A277BE0ED007E763B /* ViewController.swift in Sources */ = {isa = PBXBuildFile; fileRef = 881AE119277BE0ED007E763B /* ViewController.swift */; };
		881AE11D277BE0ED007E763B /* Main.storyboard in Resources */ = {isa = PBXBuildFile; fileRef = 881AE11B277BE0ED007E763B /* Main.storyboard */; };
		881AE11F277BE0EF007E763B /* Assets.xcassets in Resources */ = {isa = PBXBuildFile; fileRef = 881AE11E277BE0EF007E763B /* Assets.xcassets */; };
		881AE122277BE0EF007E763B /* LaunchScreen.storyboard in Resources */ = {isa = PBXBuildFile; fileRef = 881AE120277BE0EF007E763B /* LaunchScreen.storyboard */; };
		881AE12B277BFA40007E763B /* Socket in Frameworks */ = {isa = PBXBuildFile; productRef = 881AE12A277BFA40007E763B /* Socket */; };
		881AE12D277BFAAB007E763B /* ps4payload.swift in Sources */ = {isa = PBXBuildFile; fileRef = 881AE12C277BFAAB007E763B /* ps4payload.swift */; };
/* End PBXBuildFile section */

/* Begin PBXFileReference section */
		30D8DF0527C100BF00C6A8FD /* ioPS4App.swift */ = {isa = PBXFileReference; lastKnownFileType = sourcecode.swift; path = ioPS4App.swift; sourceTree = "<group>"; };
		30D8DF0727C100E100C6A8FD /* MainView.swift */ = {isa = PBXFileReference; lastKnownFileType = sourcecode.swift; path = MainView.swift; sourceTree = "<group>"; };
		30D8DF0927C106AD00C6A8FD /* DocumentPicker.swift */ = {isa = PBXFileReference; lastKnownFileType = sourcecode.swift; path = DocumentPicker.swift; sourceTree = "<group>"; };
		30D8DF0B27C13C9500C6A8FD /* Banner.swift */ = {isa = PBXFileReference; lastKnownFileType = sourcecode.swift; path = Banner.swift; sourceTree = "<group>"; };
		881AE112277BE0ED007E763B /* ioPS4.app */ = {isa = PBXFileReference; explicitFileType = wrapper.application; includeInIndex = 0; path = ioPS4.app; sourceTree = BUILT_PRODUCTS_DIR; };
		881AE119277BE0ED007E763B /* ViewController.swift */ = {isa = PBXFileReference; lastKnownFileType = sourcecode.swift; path = ViewController.swift; sourceTree = "<group>"; };
		881AE11C277BE0ED007E763B /* Base */ = {isa = PBXFileReference; lastKnownFileType = file.storyboard; name = Base; path = Base.lproj/Main.storyboard; sourceTree = "<group>"; };
		881AE11E277BE0EF007E763B /* Assets.xcassets */ = {isa = PBXFileReference; lastKnownFileType = folder.assetcatalog; path = Assets.xcassets; sourceTree = "<group>"; };
		881AE121277BE0EF007E763B /* Base */ = {isa = PBXFileReference; lastKnownFileType = file.storyboard; name = Base; path = Base.lproj/LaunchScreen.storyboard; sourceTree = "<group>"; };
		881AE123277BE0EF007E763B /* Info.plist */ = {isa = PBXFileReference; lastKnownFileType = text.plist.xml; path = Info.plist; sourceTree = "<group>"; };
		881AE12C277BFAAB007E763B /* ps4payload.swift */ = {isa = PBXFileReference; lastKnownFileType = sourcecode.swift; path = ps4payload.swift; sourceTree = "<group>"; };
		887DDF43277D523200FD4166 /* ioPS4.entitlements */ = {isa = PBXFileReference; lastKnownFileType = text.plist.entitlements; path = ioPS4.entitlements; sourceTree = "<group>"; };
/* End PBXFileReference section */

/* Begin PBXFrameworksBuildPhase section */
		881AE10F277BE0ED007E763B /* Frameworks */ = {
			isa = PBXFrameworksBuildPhase;
			buildActionMask = 2147483647;
			files = (
				881AE12B277BFA40007E763B /* Socket in Frameworks */,
				8801AEBE277D0FE900C284A5 /* IQKeyboardManagerSwift in Frameworks */,
				8801AEC3277D266700C284A5 /* SwiftEntryKit in Frameworks */,
			);
			runOnlyForDeploymentPostprocessing = 0;
		};
/* End PBXFrameworksBuildPhase section */

/* Begin PBXGroup section */
		881AE109277BE0ED007E763B = {
			isa = PBXGroup;
			children = (
				881AE114277BE0ED007E763B /* ioPS4 */,
				881AE113277BE0ED007E763B /* Products */,
			);
			sourceTree = "<group>";
		};
		881AE113277BE0ED007E763B /* Products */ = {
			isa = PBXGroup;
			children = (
				881AE112277BE0ED007E763B /* ioPS4.app */,
			);
			name = Products;
			sourceTree = "<group>";
		};
		881AE114277BE0ED007E763B /* ioPS4 */ = {
			isa = PBXGroup;
			children = (
				887DDF43277D523200FD4166 /* ioPS4.entitlements */,
				30D8DF0527C100BF00C6A8FD /* ioPS4App.swift */,
				30D8DF0727C100E100C6A8FD /* MainView.swift */,
				881AE119277BE0ED007E763B /* ViewController.swift */,
				881AE11B277BE0ED007E763B /* Main.storyboard */,
				881AE11E277BE0EF007E763B /* Assets.xcassets */,
				881AE120277BE0EF007E763B /* LaunchScreen.storyboard */,
				881AE123277BE0EF007E763B /* Info.plist */,
				881AE12C277BFAAB007E763B /* ps4payload.swift */,
				30D8DF0927C106AD00C6A8FD /* DocumentPicker.swift */,
				30D8DF0B27C13C9500C6A8FD /* Banner.swift */,
			);
			path = ioPS4;
			sourceTree = "<group>";
		};
/* End PBXGroup section */

/* Begin PBXNativeTarget section */
		881AE111277BE0ED007E763B /* ioPS4 */ = {
			isa = PBXNativeTarget;
			buildConfigurationList = 881AE126277BE0EF007E763B /* Build configuration list for PBXNativeTarget "ioPS4" */;
			buildPhases = (
				881AE10E277BE0ED007E763B /* Sources */,
				881AE10F277BE0ED007E763B /* Frameworks */,
				881AE110277BE0ED007E763B /* Resources */,
			);
			buildRules = (
			);
			dependencies = (
			);
			name = ioPS4;
			packageProductDependencies = (
				881AE12A277BFA40007E763B /* Socket */,
				8801AEBD277D0FE900C284A5 /* IQKeyboardManagerSwift */,
				8801AEC2277D266700C284A5 /* SwiftEntryKit */,
			);
			productName = iops4;
			productReference = 881AE112277BE0ED007E763B /* ioPS4.app */;
			productType = "com.apple.product-type.application";
		};
/* End PBXNativeTarget section */

/* Begin PBXProject section */
		881AE10A277BE0ED007E763B /* Project object */ = {
			isa = PBXProject;
			attributes = {
				BuildIndependentTargetsInParallel = 1;
				LastSwiftUpdateCheck = 1300;
				LastUpgradeCheck = 1300;
				TargetAttributes = {
					881AE111277BE0ED007E763B = {
						CreatedOnToolsVersion = 13.0;
					};
				};
			};
			buildConfigurationList = 881AE10D277BE0ED007E763B /* Build configuration list for PBXProject "ioPS4" */;
			compatibilityVersion = "Xcode 13.0";
			developmentRegion = en;
			hasScannedForEncodings = 0;
			knownRegions = (
				en,
				Base,
			);
			mainGroup = 881AE109277BE0ED007E763B;
			packageReferences = (
				881AE129277BFA40007E763B /* XCRemoteSwiftPackageReference "BlueSocket" */,
				8801AEBC277D0FE900C284A5 /* XCRemoteSwiftPackageReference "IQKeyboardManager" */,
				8801AEC1277D266700C284A5 /* XCRemoteSwiftPackageReference "SwiftEntryKit" */,
			);
			productRefGroup = 881AE113277BE0ED007E763B /* Products */;
			projectDirPath = "";
			projectRoot = "";
			targets = (
				881AE111277BE0ED007E763B /* ioPS4 */,
			);
		};
/* End PBXProject section */

/* Begin PBXResourcesBuildPhase section */
		881AE110277BE0ED007E763B /* Resources */ = {
			isa = PBXResourcesBuildPhase;
			buildActionMask = 2147483647;
			files = (
				881AE122277BE0EF007E763B /* LaunchScreen.storyboard in Resources */,
				881AE11F277BE0EF007E763B /* Assets.xcassets in Resources */,
				881AE11D277BE0ED007E763B /* Main.storyboard in Resources */,
			);
			runOnlyForDeploymentPostprocessing = 0;
		};
/* End PBXResourcesBuildPhase section */

/* Begin PBXSourcesBuildPhase section */
		881AE10E277BE0ED007E763B /* Sources */ = {
			isa = PBXSourcesBuildPhase;
			buildActionMask = 2147483647;
			files = (
				881AE12D277BFAAB007E763B /* ps4payload.swift in Sources */,
				30D8DF0827C100E100C6A8FD /* MainView.swift in Sources */,
				881AE11A277BE0ED007E763B /* ViewController.swift in Sources */,
				30D8DF0A27C106AD00C6A8FD /* DocumentPicker.swift in Sources */,
				30D8DF0627C100BF00C6A8FD /* ioPS4App.swift in Sources */,
				30D8DF0C27C13C9500C6A8FD /* Banner.swift in Sources */,
			);
			runOnlyForDeploymentPostprocessing = 0;
		};
/* End PBXSourcesBuildPhase section */

/* Begin PBXVariantGroup section */
		881AE11B277BE0ED007E763B /* Main.storyboard */ = {
			isa = PBXVariantGroup;
			children = (
				881AE11C277BE0ED007E763B /* Base */,
			);
			name = Main.storyboard;
			sourceTree = "<group>";
		};
		881AE120277BE0EF007E763B /* LaunchScreen.storyboard */ = {
			isa = PBXVariantGroup;
			children = (
				881AE121277BE0EF007E763B /* Base */,
			);
			name = LaunchScreen.storyboard;
			sourceTree = "<group>";
		};
/* End PBXVariantGroup section */

/* Begin XCBuildConfiguration section */
		881AE124277BE0EF007E763B /* Debug */ = {
			isa = XCBuildConfiguration;
			buildSettings = {
				ALWAYS_SEARCH_USER_PATHS = NO;
				CLANG_ANALYZER_NONNULL = YES;
				CLANG_ANALYZER_NUMBER_OBJECT_CONVERSION = YES_AGGRESSIVE;
				CLANG_CXX_LANGUAGE_STANDARD = "gnu++17";
				CLANG_CXX_LIBRARY = "libc++";
				CLANG_ENABLE_MODULES = YES;
				CLANG_ENABLE_OBJC_ARC = YES;
				CLANG_ENABLE_OBJC_WEAK = YES;
				CLANG_WARN_BLOCK_CAPTURE_AUTORELEASING = YES;
				CLANG_WARN_BOOL_CONVERSION = YES;
				CLANG_WARN_COMMA = YES;
				CLANG_WARN_CONSTANT_CONVERSION = YES;
				CLANG_WARN_DEPRECATED_OBJC_IMPLEMENTATIONS = YES;
				CLANG_WARN_DIRECT_OBJC_ISA_USAGE = YES_ERROR;
				CLANG_WARN_DOCUMENTATION_COMMENTS = YES;
				CLANG_WARN_EMPTY_BODY = YES;
				CLANG_WARN_ENUM_CONVERSION = YES;
				CLANG_WARN_INFINITE_RECURSION = YES;
				CLANG_WARN_INT_CONVERSION = YES;
				CLANG_WARN_NON_LITERAL_NULL_CONVERSION = YES;
				CLANG_WARN_OBJC_IMPLICIT_RETAIN_SELF = YES;
				CLANG_WARN_OBJC_LITERAL_CONVERSION = YES;
				CLANG_WARN_OBJC_ROOT_CLASS = YES_ERROR;
				CLANG_WARN_QUOTED_INCLUDE_IN_FRAMEWORK_HEADER = YES;
				CLANG_WARN_RANGE_LOOP_ANALYSIS = YES;
				CLANG_WARN_STRICT_PROTOTYPES = YES;
				CLANG_WARN_SUSPICIOUS_MOVE = YES;
				CLANG_WARN_UNGUARDED_AVAILABILITY = YES_AGGRESSIVE;
				CLANG_WARN_UNREACHABLE_CODE = YES;
				CLANG_WARN__DUPLICATE_METHOD_MATCH = YES;
				COPY_PHASE_STRIP = NO;
				DEBUG_INFORMATION_FORMAT = dwarf;
				ENABLE_STRICT_OBJC_MSGSEND = YES;
				ENABLE_TESTABILITY = YES;
				GCC_C_LANGUAGE_STANDARD = gnu11;
				GCC_DYNAMIC_NO_PIC = NO;
				GCC_NO_COMMON_BLOCKS = YES;
				GCC_OPTIMIZATION_LEVEL = 0;
				GCC_PREPROCESSOR_DEFINITIONS = (
					"DEBUG=1",
					"$(inherited)",
				);
				GCC_WARN_64_TO_32_BIT_CONVERSION = YES;
				GCC_WARN_ABOUT_RETURN_TYPE = YES_ERROR;
				GCC_WARN_UNDECLARED_SELECTOR = YES;
				GCC_WARN_UNINITIALIZED_AUTOS = YES_AGGRESSIVE;
				GCC_WARN_UNUSED_FUNCTION = YES;
				GCC_WARN_UNUSED_VARIABLE = YES;
				IPHONEOS_DEPLOYMENT_TARGET = 13.0;
				MTL_ENABLE_DEBUG_INFO = INCLUDE_SOURCE;
				MTL_FAST_MATH = YES;
				ONLY_ACTIVE_ARCH = YES;
				SDKROOT = iphoneos;
				SWIFT_ACTIVE_COMPILATION_CONDITIONS = DEBUG;
				SWIFT_OPTIMIZATION_LEVEL = "-Onone";
			};
			name = Debug;
		};
		881AE125277BE0EF007E763B /* Release */ = {
			isa = XCBuildConfiguration;
			buildSettings = {
				ALWAYS_SEARCH_USER_PATHS = NO;
				CLANG_ANALYZER_NONNULL = YES;
				CLANG_ANALYZER_NUMBER_OBJECT_CONVERSION = YES_AGGRESSIVE;
				CLANG_CXX_LANGUAGE_STANDARD = "gnu++17";
				CLANG_CXX_LIBRARY = "libc++";
				CLANG_ENABLE_MODULES = YES;
				CLANG_ENABLE_OBJC_ARC = YES;
				CLANG_ENABLE_OBJC_WEAK = YES;
				CLANG_WARN_BLOCK_CAPTURE_AUTORELEASING = YES;
				CLANG_WARN_BOOL_CONVERSION = YES;
				CLANG_WARN_COMMA = YES;
				CLANG_WARN_CONSTANT_CONVERSION = YES;
				CLANG_WARN_DEPRECATED_OBJC_IMPLEMENTATIONS = YES;
				CLANG_WARN_DIRECT_OBJC_ISA_USAGE = YES_ERROR;
				CLANG_WARN_DOCUMENTATION_COMMENTS = YES;
				CLANG_WARN_EMPTY_BODY = YES;
				CLANG_WARN_ENUM_CONVERSION = YES;
				CLANG_WARN_INFINITE_RECURSION = YES;
				CLANG_WARN_INT_CONVERSION = YES;
				CLANG_WARN_NON_LITERAL_NULL_CONVERSION = YES;
				CLANG_WARN_OBJC_IMPLICIT_RETAIN_SELF = YES;
				CLANG_WARN_OBJC_LITERAL_CONVERSION = YES;
				CLANG_WARN_OBJC_ROOT_CLASS = YES_ERROR;
				CLANG_WARN_QUOTED_INCLUDE_IN_FRAMEWORK_HEADER = YES;
				CLANG_WARN_RANGE_LOOP_ANALYSIS = YES;
				CLANG_WARN_STRICT_PROTOTYPES = YES;
				CLANG_WARN_SUSPICIOUS_MOVE = YES;
				CLANG_WARN_UNGUARDED_AVAILABILITY = YES_AGGRESSIVE;
				CLANG_WARN_UNREACHABLE_CODE = YES;
				CLANG_WARN__DUPLICATE_METHOD_MATCH = YES;
				COPY_PHASE_STRIP = NO;
				DEBUG_INFORMATION_FORMAT = "dwarf-with-dsym";
				ENABLE_NS_ASSERTIONS = NO;
				ENABLE_STRICT_OBJC_MSGSEND = YES;
				GCC_C_LANGUAGE_STANDARD = gnu11;
				GCC_NO_COMMON_BLOCKS = YES;
				GCC_WARN_64_TO_32_BIT_CONVERSION = YES;
				GCC_WARN_ABOUT_RETURN_TYPE = YES_ERROR;
				GCC_WARN_UNDECLARED_SELECTOR = YES;
				GCC_WARN_UNINITIALIZED_AUTOS = YES_AGGRESSIVE;
				GCC_WARN_UNUSED_FUNCTION = YES;
				GCC_WARN_UNUSED_VARIABLE = YES;
				IPHONEOS_DEPLOYMENT_TARGET = 13.0;
				MTL_ENABLE_DEBUG_INFO = NO;
				MTL_FAST_MATH = YES;
				SDKROOT = iphoneos;
				SWIFT_COMPILATION_MODE = wholemodule;
				SWIFT_OPTIMIZATION_LEVEL = "-O";
				VALIDATE_PRODUCT = YES;
			};
			name = Release;
		};
		881AE127277BE0EF007E763B /* Debug */ = {
			isa = XCBuildConfiguration;
			buildSettings = {
				ASSETCATALOG_COMPILER_APPICON_NAME = AppIcon;
				ASSETCATALOG_COMPILER_GLOBAL_ACCENT_COLOR_NAME = AccentColor;
				CODE_SIGN_ENTITLEMENTS = ioPS4/ioPS4.entitlements;
				CODE_SIGN_STYLE = Automatic;
				CURRENT_PROJECT_VERSION = 1;
				DEVELOPMENT_TEAM = 9859KQSN8L;
				GENERATE_INFOPLIST_FILE = YES;
				INFOPLIST_FILE = iops4/Info.plist;
				INFOPLIST_KEY_CFBundleDisplayName = ioPS4;
				INFOPLIST_KEY_UIApplicationSupportsIndirectInputEvents = YES;
				INFOPLIST_KEY_UILaunchStoryboardName = LaunchScreen;
				INFOPLIST_KEY_UISupportedInterfaceOrientations = UIInterfaceOrientationPortrait;
				INFOPLIST_KEY_UISupportedInterfaceOrientations_iPad = "UIInterfaceOrientationPortrait UIInterfaceOrientationPortraitUpsideDown UIInterfaceOrientationLandscapeLeft UIInterfaceOrientationLandscapeRight";
				INFOPLIST_KEY_UISupportedInterfaceOrientations_iPhone = "UIInterfaceOrientationPortrait UIInterfaceOrientationLandscapeLeft UIInterfaceOrientationLandscapeRight";
				IPHONEOS_DEPLOYMENT_TARGET = 14.0;
				LD_RUNPATH_SEARCH_PATHS = (
					"$(inherited)",
					"@executable_path/Frameworks",
				);
				MARKETING_VERSION = 1.0;
				PRODUCT_BUNDLE_IDENTIFIER = org.brandonplank.iops4;
				PRODUCT_NAME = "$(TARGET_NAME)";
				SUPPORTS_MACCATALYST = YES;
				SWIFT_EMIT_LOC_STRINGS = YES;
				SWIFT_VERSION = 5.0;
				TARGETED_DEVICE_FAMILY = "1,2";
				TVOS_DEPLOYMENT_TARGET = 13.0;
			};
			name = Debug;
		};
		881AE128277BE0EF007E763B /* Release */ = {
			isa = XCBuildConfiguration;
			buildSettings = {
				ASSETCATALOG_COMPILER_APPICON_NAME = AppIcon;
				ASSETCATALOG_COMPILER_GLOBAL_ACCENT_COLOR_NAME = AccentColor;
				CODE_SIGN_ENTITLEMENTS = ioPS4/ioPS4.entitlements;
				CODE_SIGN_STYLE = Automatic;
				CURRENT_PROJECT_VERSION = 1;
				DEVELOPMENT_TEAM = 9859KQSN8L;
				GENERATE_INFOPLIST_FILE = YES;
				INFOPLIST_FILE = iops4/Info.plist;
				INFOPLIST_KEY_CFBundleDisplayName = ioPS4;
				INFOPLIST_KEY_UIApplicationSupportsIndirectInputEvents = YES;
				INFOPLIST_KEY_UILaunchStoryboardName = LaunchScreen;
				INFOPLIST_KEY_UISupportedInterfaceOrientations = UIInterfaceOrientationPortrait;
				INFOPLIST_KEY_UISupportedInterfaceOrientations_iPad = "UIInterfaceOrientationPortrait UIInterfaceOrientationPortraitUpsideDown UIInterfaceOrientationLandscapeLeft UIInterfaceOrientationLandscapeRight";
				INFOPLIST_KEY_UISupportedInterfaceOrientations_iPhone = "UIInterfaceOrientationPortrait UIInterfaceOrientationLandscapeLeft UIInterfaceOrientationLandscapeRight";
				IPHONEOS_DEPLOYMENT_TARGET = 14.0;
				LD_RUNPATH_SEARCH_PATHS = (
					"$(inherited)",
					"@executable_path/Frameworks",
				);
				MARKETING_VERSION = 1.0;
				PRODUCT_BUNDLE_IDENTIFIER = org.brandonplank.iops4;
				PRODUCT_NAME = "$(TARGET_NAME)";
				SUPPORTS_MACCATALYST = YES;
				SWIFT_EMIT_LOC_STRINGS = YES;
				SWIFT_VERSION = 5.0;
				TARGETED_DEVICE_FAMILY = "1,2";
				TVOS_DEPLOYMENT_TARGET = 13.0;
			};
			name = Release;
		};
/* End XCBuildConfiguration section */

/* Begin XCConfigurationList section */
		881AE10D277BE0ED007E763B /* Build configuration list for PBXProject "ioPS4" */ = {
			isa = XCConfigurationList;
			buildConfigurations = (
				881AE124277BE0EF007E763B /* Debug */,
				881AE125277BE0EF007E763B /* Release */,
			);
			defaultConfigurationIsVisible = 0;
			defaultConfigurationName = Release;
		};
		881AE126277BE0EF007E763B /* Build configuration list for PBXNativeTarget "ioPS4" */ = {
			isa = XCConfigurationList;
			buildConfigurations = (
				881AE127277BE0EF007E763B /* Debug */,
				881AE128277BE0EF007E763B /* Release */,
			);
			defaultConfigurationIsVisible = 0;
			defaultConfigurationName = Release;
		};
/* End XCConfigurationList section */

/* Begin XCRemoteSwiftPackageReference section */
		8801AEBC277D0FE900C284A5 /* XCRemoteSwiftPackageReference "IQKeyboardManager" */ = {
			isa = XCRemoteSwiftPackageReference;
			repositoryURL = "https://github.com/hackiftekhar/IQKeyboardManager";
			requirement = {
				kind = exactVersion;
				version = 6.5.9;
			};
		};
		8801AEC1277D266700C284A5 /* XCRemoteSwiftPackageReference "SwiftEntryKit" */ = {
			isa = XCRemoteSwiftPackageReference;
			repositoryURL = "https://github.com/huri000/SwiftEntryKit";
			requirement = {
				branch = master;
				kind = branch;
			};
		};
		881AE129277BFA40007E763B /* XCRemoteSwiftPackageReference "BlueSocket" */ = {
			isa = XCRemoteSwiftPackageReference;
			repositoryURL = "https://github.com/Kitura/BlueSocket";
			requirement = {
				branch = master;
				kind = branch;
			};
		};
/* End XCRemoteSwiftPackageReference section */

/* Begin XCSwiftPackageProductDependency section */
		8801AEBD277D0FE900C284A5 /* IQKeyboardManagerSwift */ = {
			isa = XCSwiftPackageProductDependency;
			package = 8801AEBC277D0FE900C284A5 /* XCRemoteSwiftPackageReference "IQKeyboardManager" */;
			productName = IQKeyboardManagerSwift;
		};
		8801AEC2277D266700C284A5 /* SwiftEntryKit */ = {
			isa = XCSwiftPackageProductDependency;
			package = 8801AEC1277D266700C284A5 /* XCRemoteSwiftPackageReference "SwiftEntryKit" */;
			productName = SwiftEntryKit;
		};
		881AE12A277BFA40007E763B /* Socket */ = {
			isa = XCSwiftPackageProductDependency;
			package = 881AE129277BFA40007E763B /* XCRemoteSwiftPackageReference "BlueSocket" */;
			productName = Socket;
		};
/* End XCSwiftPackageProductDependency section */
	};
	rootObject = 881AE10A277BE0ED007E763B /* Project object */;
}
